
Microsoft Visual Studio Solution File, Format Version 12.00
# Visual Studio 15
VisualStudioVersion = 15.0.27428.2037
MinimumVisualStudioVersion = 10.0.40219.1
Project("{9A19103F-16F7-4668-BE54-9A1E7A4F7556}") = "CoreMvcDemo", "CoreMvcDemo\CoreMvcDemo.csproj", "{FD7934D7-D0B7-4370-A8A3-4F924056687E}"
EndProject
Project("{9A19103F-16F7-4668-BE54-9A1E7A4F7556}") = "DinkToPdf", "..\..\..\tmp\DinkToPdf-master\DinkToPdf-master\src\DinkToPdf\DinkToPdf.csproj", "{15791140-CC73-404F-8EE9-2AA862E0DB2F}"
EndProject
Global
	GlobalSection(SolutionConfigurationPlatforms) = preSolution
		Debug|Any CPU = Debug|Any CPU
		Release|Any CPU = Release|Any CPU
	EndGlobalSection
	GlobalSection(ProjectConfigurationPlatforms) = postSolution
		{FD7934D7-D0B7-4370-A8A3-4F924056687E}.Debug|Any CPU.ActiveCfg = Debug|Any CPU
		{FD7934D7-D0B7-4370-A8A3-4F924056687E}.Debug|Any CPU.Build.0 = Debug|Any CPU
		{FD7934D7-D0B7-4370-A8A3-4F924056687E}.Release|Any CPU.ActiveCfg = Release|Any CPU
		{FD7934D7-D0B7-4370-A8A3-4F924056687E}.Release|Any CPU.Build.0 = Release|Any CPU
		{15791140-CC73-404F-8EE9-2AA862E0DB2F}.Debug|Any CPU.ActiveCfg = Debug|Any CPU
		{15791140-CC73-404F-8EE9-2AA862E0DB2F}.Debug|Any CPU.Build.0 = Debug|Any CPU
		{15791140-CC73-404F-8EE9-2AA862E0DB2F}.Release|Any CPU.ActiveCfg = Release|Any CPU
		{15791140-CC73-404F-8EE9-2AA862E0DB2F}.Release|Any CPU.Build.0 = Release|Any CPU
	EndGlobalSection
	GlobalSection(SolutionProperties) = preSolution
		HideSolutionNode = FALSE
	EndGlobalSection
	GlobalSection(ExtensibilityGlobals) = postSolution
		SolutionGuid = {AC33E694-B6A5-481B-BAB6-75F38F8BE1C5}
	EndGlobalSection
EndGlobal
