
Microsoft Visual Studio Solution File, Format Version 12.00
# Visual Studio 15
VisualStudioVersion = 15.0.27428.2043
MinimumVisualStudioVersion = 10.0.40219.1
Project("{FAE04EC0-301F-11D3-BF4B-00C04F79EFBC}") = "SolidDemo", "SolidDemo\SolidDemo.csproj", "{48378B5A-5FD3-4495-A2C5-E1EA93DE13AF}"
EndProject
Global
	GlobalSection(SolutionConfigurationPlatforms) = preSolution
		Debug|Any CPU = Debug|Any CPU
		Release|Any CPU = Release|Any CPU
	EndGlobalSection
	GlobalSection(ProjectConfigurationPlatforms) = postSolution
		{48378B5A-5FD3-4495-A2C5-E1EA93DE13AF}.Debug|Any CPU.ActiveCfg = Debug|Any CPU
		{48378B5A-5FD3-4495-A2C5-E1EA93DE13AF}.Debug|Any CPU.Build.0 = Debug|Any CPU
		{48378B5A-5FD3-4495-A2C5-E1EA93DE13AF}.Release|Any CPU.ActiveCfg = Release|Any CPU
		{48378B5A-5FD3-4495-A2C5-E1EA93DE13AF}.Release|Any CPU.Build.0 = Release|Any CPU
	EndGlobalSection
	GlobalSection(SolutionProperties) = preSolution
		HideSolutionNode = FALSE
	EndGlobalSection
	GlobalSection(ExtensibilityGlobals) = postSolution
		SolutionGuid = {7C38E90B-6814-4785-9722-BAA85ECCB022}
	EndGlobalSection
EndGlobal
